
Microsoft Visual Studio Solution File, Format Version 12.00
Project("{FAE04EC0-301F-11D3-BF4B-00C04F79EFBC}") = "MauserC96", "MauserC96\MauserC96.csproj", "{31185059-F801-4CED-BA6C-4B6662E00FE3}"
EndProject
Global
	GlobalSection(SolutionConfigurationPlatforms) = preSolution
		Debug|Any CPU = Debug|Any CPU
		Release|Any CPU = Release|Any CPU
	EndGlobalSection
	GlobalSection(ProjectConfigurationPlatforms) = postSolution
		{31185059-F801-4CED-BA6C-4B6662E00FE3}.Debug|Any CPU.ActiveCfg = Debug|Any CPU
		{31185059-F801-4CED-BA6C-4B6662E00FE3}.Debug|Any CPU.Build.0 = Debug|Any CPU
		{31185059-F801-4CED-BA6C-4B6662E00FE3}.Release|Any CPU.ActiveCfg = Release|Any CPU
		{31185059-F801-4CED-BA6C-4B6662E00FE3}.Release|Any CPU.Build.0 = Release|Any CPU
	EndGlobalSection
EndGlobal
